
Microsoft Visual Studio Solution File, Format Version 12.00
# Visual Studio 15
VisualStudioVersion = 15.0.27703.2035
MinimumVisualStudioVersion = 10.0.40219.1
Project("{FAE04EC0-301F-11D3-BF4B-00C04F79EFBC}") = "WpfApp4", "WpfApp4\WpfApp4.csproj", "{2BAB4100-C4BD-4635-B3EE-B61080DC068B}"
EndProject
Global
	GlobalSection(SolutionConfigurationPlatforms) = preSolution
		Debug|Any CPU = Debug|Any CPU
		Release|Any CPU = Release|Any CPU
	EndGlobalSection
	GlobalSection(ProjectConfigurationPlatforms) = postSolution
		{2BAB4100-C4BD-4635-B3EE-B61080DC068B}.Debug|Any CPU.ActiveCfg = Debug|Any CPU
		{2BAB4100-C4BD-4635-B3EE-B61080DC068B}.Debug|Any CPU.Build.0 = Debug|Any CPU
		{2BAB4100-C4BD-4635-B3EE-B61080DC068B}.Release|Any CPU.ActiveCfg = Release|Any CPU
		{2BAB4100-C4BD-4635-B3EE-B61080DC068B}.Release|Any CPU.Build.0 = Release|Any CPU
	EndGlobalSection
	GlobalSection(SolutionProperties) = preSolution
		HideSolutionNode = FALSE
	EndGlobalSection
	GlobalSection(ExtensibilityGlobals) = postSolution
		SolutionGuid = {4C28AC1A-D72D-4B28-AF98-55C883C37CCC}
	EndGlobalSection
EndGlobal
